// !$*UTF8*$!
{
	archiveVersion = 1;
	classes = {
	};
	objectVersion = 50;
	objects = {

/* Begin PBXBuildFile section */
		7859904D2784ADA80056FEBF /* CircleImage.swift in Sources */ = {isa = PBXBuildFile; fileRef = 7859904C2784ADA80056FEBF /* CircleImage.swift */; };
		785990542784B76F0056FEBF /* MapView.swift in Sources */ = {isa = PBXBuildFile; fileRef = 785990532784B76F0056FEBF /* MapView.swift */; };
		7859905C2784ED250056FEBF /* landmarkData.json in Resources */ = {isa = PBXBuildFile; fileRef = 7859905B2784ED250056FEBF /* landmarkData.json */; };
		7859905F2784ED3E0056FEBF /* Landmark.swift in Sources */ = {isa = PBXBuildFile; fileRef = 7859905E2784ED3E0056FEBF /* Landmark.swift */; };
		785990622784EEC30056FEBF /* ModelData.swift in Sources */ = {isa = PBXBuildFile; fileRef = 785990612784EEC30056FEBF /* ModelData.swift */; };
		785990682784EFF20056FEBF /* LandmarkRow.swift in Sources */ = {isa = PBXBuildFile; fileRef = 785990672784EFF20056FEBF /* LandmarkRow.swift */; };
		7859906C2784F2C10056FEBF /* LandmarkList.swift in Sources */ = {isa = PBXBuildFile; fileRef = 7859906B2784F2C10056FEBF /* LandmarkList.swift */; };
		7859906F2784F4360056FEBF /* LandmarkDetail.swift in Sources */ = {isa = PBXBuildFile; fileRef = 7859906E2784F4360056FEBF /* LandmarkDetail.swift */; };
		78666C9B27824123003C5485 /* LandmarksApp.swift in Sources */ = {isa = PBXBuildFile; fileRef = 78666C9A27824123003C5485 /* LandmarksApp.swift */; };
		78666C9D27824123003C5485 /* ContentView.swift in Sources */ = {isa = PBXBuildFile; fileRef = 78666C9C27824123003C5485 /* ContentView.swift */; };
		78666C9F27824127003C5485 /* Assets.xcassets in Resources */ = {isa = PBXBuildFile; fileRef = 78666C9E27824127003C5485 /* Assets.xcassets */; };
		78666CA227824127003C5485 /* Preview Assets.xcassets in Resources */ = {isa = PBXBuildFile; fileRef = 78666CA127824127003C5485 /* Preview Assets.xcassets */; };
/* End PBXBuildFile section */

/* Begin PBXFileReference section */
		7859904C2784ADA80056FEBF /* CircleImage.swift */ = {isa = PBXFileReference; lastKnownFileType = sourcecode.swift; path = CircleImage.swift; sourceTree = "<group>"; };
		785990532784B76F0056FEBF /* MapView.swift */ = {isa = PBXFileReference; lastKnownFileType = sourcecode.swift; path = MapView.swift; sourceTree = "<group>"; };
		7859905B2784ED250056FEBF /* landmarkData.json */ = {isa = PBXFileReference; fileEncoding = 4; lastKnownFileType = text.json; path = landmarkData.json; sourceTree = "<group>"; };
		7859905E2784ED3E0056FEBF /* Landmark.swift */ = {isa = PBXFileReference; lastKnownFileType = sourcecode.swift; path = Landmark.swift; sourceTree = "<group>"; };
		785990612784EEC30056FEBF /* ModelData.swift */ = {isa = PBXFileReference; lastKnownFileType = sourcecode.swift; path = ModelData.swift; sourceTree = "<group>"; };
		785990672784EFF20056FEBF /* LandmarkRow.swift */ = {isa = PBXFileReference; lastKnownFileType = sourcecode.swift; path = LandmarkRow.swift; sourceTree = "<group>"; };
		7859906B2784F2C10056FEBF /* LandmarkList.swift */ = {isa = PBXFileReference; lastKnownFileType = sourcecode.swift; path = LandmarkList.swift; sourceTree = "<group>"; };
		7859906E2784F4360056FEBF /* LandmarkDetail.swift */ = {isa = PBXFileReference; lastKnownFileType = sourcecode.swift; path = LandmarkDetail.swift; sourceTree = "<group>"; };
		78666C9727824123003C5485 /* Landmarks.app */ = {isa = PBXFileReference; explicitFileType = wrapper.application; includeInIndex = 0; path = Landmarks.app; sourceTree = BUILT_PRODUCTS_DIR; };
		78666C9A27824123003C5485 /* LandmarksApp.swift */ = {isa = PBXFileReference; lastKnownFileType = sourcecode.swift; path = LandmarksApp.swift; sourceTree = "<group>"; };
		78666C9C27824123003C5485 /* ContentView.swift */ = {isa = PBXFileReference; lastKnownFileType = sourcecode.swift; path = ContentView.swift; sourceTree = "<group>"; };
		78666C9E27824127003C5485 /* Assets.xcassets */ = {isa = PBXFileReference; lastKnownFileType = folder.assetcatalog; path = Assets.xcassets; sourceTree = "<group>"; };
		78666CA127824127003C5485 /* Preview Assets.xcassets */ = {isa = PBXFileReference; lastKnownFileType = folder.assetcatalog; path = "Preview Assets.xcassets"; sourceTree = "<group>"; };
		78666CA327824127003C5485 /* Info.plist */ = {isa = PBXFileReference; lastKnownFileType = text.plist.xml; path = Info.plist; sourceTree = "<group>"; };
/* End PBXFileReference section */

/* Begin PBXFrameworksBuildPhase section */
		78666C9427824123003C5485 /* Frameworks */ = {
			isa = PBXFrameworksBuildPhase;
			buildActionMask = 2147483647;
			files = (
			);
			runOnlyForDeploymentPostprocessing = 0;
		};
/* End PBXFrameworksBuildPhase section */

/* Begin PBXGroup section */
		785990642784EF290056FEBF /* Views */ = {
			isa = PBXGroup;
			children = (
				78666C9C27824123003C5485 /* ContentView.swift */,
				7859904C2784ADA80056FEBF /* CircleImage.swift */,
				785990532784B76F0056FEBF /* MapView.swift */,
				785990672784EFF20056FEBF /* LandmarkRow.swift */,
				7859906B2784F2C10056FEBF /* LandmarkList.swift */,
				7859906E2784F4360056FEBF /* LandmarkDetail.swift */,
			);
			path = Views;
			sourceTree = "<group>";
		};
		785990652784EF360056FEBF /* Model */ = {
			isa = PBXGroup;
			children = (
				7859905E2784ED3E0056FEBF /* Landmark.swift */,
				785990612784EEC30056FEBF /* ModelData.swift */,
			);
			path = Model;
			sourceTree = "<group>";
		};
		785990662784EF450056FEBF /* Resourses */ = {
			isa = PBXGroup;
			children = (
				7859905B2784ED250056FEBF /* landmarkData.json */,
			);
			path = Resourses;
			sourceTree = "<group>";
		};
		78666C8E27824123003C5485 = {
			isa = PBXGroup;
			children = (
				78666C9927824123003C5485 /* Landmarks */,
			);
			sourceTree = "<group>";
		};
		78666C9827824123003C5485 /* Products */ = {
			isa = PBXGroup;
			children = (
				78666C9727824123003C5485 /* Landmarks.app */,
			);
			name = Products;
			path = ..;
			sourceTree = "<group>";
		};
		78666C9927824123003C5485 /* Landmarks */ = {
			isa = PBXGroup;
			children = (
				78666C9A27824123003C5485 /* LandmarksApp.swift */,
				785990642784EF290056FEBF /* Views */,
				785990652784EF360056FEBF /* Model */,
				785990662784EF450056FEBF /* Resourses */,
				78666C9E27824127003C5485 /* Assets.xcassets */,
				78666CA327824127003C5485 /* Info.plist */,
				78666CA027824127003C5485 /* Preview Content */,
				78666C9827824123003C5485 /* Products */,
			);
			path = Landmarks;
			sourceTree = "<group>";
		};
		78666CA027824127003C5485 /* Preview Content */ = {
			isa = PBXGroup;
			children = (
				78666CA127824127003C5485 /* Preview Assets.xcassets */,
			);
			path = "Preview Content";
			sourceTree = "<group>";
		};
/* End PBXGroup section */

/* Begin PBXNativeTarget section */
		78666C9627824123003C5485 /* Landmarks */ = {
			isa = PBXNativeTarget;
			buildConfigurationList = 78666CA627824127003C5485 /* Build configuration list for PBXNativeTarget "Landmarks" */;
			buildPhases = (
				78666C9327824123003C5485 /* Sources */,
				78666C9427824123003C5485 /* Frameworks */,
				78666C9527824123003C5485 /* Resources */,
			);
			buildRules = (
			);
			dependencies = (
			);
			name = Landmarks;
			productName = Landmarks;
			productReference = 78666C9727824123003C5485 /* Landmarks.app */;
			productType = "com.apple.product-type.application";
		};
/* End PBXNativeTarget section */

/* Begin PBXProject section */
		78666C8F27824123003C5485 /* Project object */ = {
			isa = PBXProject;
			attributes = {
				LastSwiftUpdateCheck = 1240;
				LastUpgradeCheck = 1240;
				TargetAttributes = {
					78666C9627824123003C5485 = {
						CreatedOnToolsVersion = 12.4;
					};
				};
			};
			buildConfigurationList = 78666C9227824123003C5485 /* Build configuration list for PBXProject "Landmarks" */;
			compatibilityVersion = "Xcode 9.3";
			developmentRegion = en;
			hasScannedForEncodings = 0;
			knownRegions = (
				en,
				Base,
			);
			mainGroup = 78666C8E27824123003C5485;
			productRefGroup = 78666C9827824123003C5485 /* Products */;
			projectDirPath = "";
			projectRoot = "";
			targets = (
				78666C9627824123003C5485 /* Landmarks */,
			);
		};
/* End PBXProject section */

/* Begin PBXResourcesBuildPhase section */
		78666C9527824123003C5485 /* Resources */ = {
			isa = PBXResourcesBuildPhase;
			buildActionMask = 2147483647;
			files = (
				78666CA227824127003C5485 /* Preview Assets.xcassets in Resources */,
				78666C9F27824127003C5485 /* Assets.xcassets in Resources */,
				7859905C2784ED250056FEBF /* landmarkData.json in Resources */,
			);
			runOnlyForDeploymentPostprocessing = 0;
		};
/* End PBXResourcesBuildPhase section */

/* Begin PBXSourcesBuildPhase section */
		78666C9327824123003C5485 /* Sources */ = {
			isa = PBXSourcesBuildPhase;
			buildActionMask = 2147483647;
			files = (
				78666C9D27824123003C5485 /* ContentView.swift in Sources */,
				785990542784B76F0056FEBF /* MapView.swift in Sources */,
				78666C9B27824123003C5485 /* LandmarksApp.swift in Sources */,
				7859906C2784F2C10056FEBF /* LandmarkList.swift in Sources */,
				7859906F2784F4360056FEBF /* LandmarkDetail.swift in Sources */,
				7859904D2784ADA80056FEBF /* CircleImage.swift in Sources */,
				7859905F2784ED3E0056FEBF /* Landmark.swift in Sources */,
				785990682784EFF20056FEBF /* LandmarkRow.swift in Sources */,
				785990622784EEC30056FEBF /* ModelData.swift in Sources */,
			);
			runOnlyForDeploymentPostprocessing = 0;
		};
/* End PBXSourcesBuildPhase section */

/* Begin XCBuildConfiguration section */
		78666CA427824127003C5485 /* Debug */ = {
			isa = XCBuildConfiguration;
			buildSettings = {
				ALWAYS_SEARCH_USER_PATHS = NO;
				CLANG_ANALYZER_NONNULL = YES;
				CLANG_ANALYZER_NUMBER_OBJECT_CONVERSION = YES_AGGRESSIVE;
				CLANG_CXX_LANGUAGE_STANDARD = "gnu++14";
				CLANG_CXX_LIBRARY = "libc++";
				CLANG_ENABLE_MODULES = YES;
				CLANG_ENABLE_OBJC_ARC = YES;
				CLANG_ENABLE_OBJC_WEAK = YES;
				CLANG_WARN_BLOCK_CAPTURE_AUTORELEASING = YES;
				CLANG_WARN_BOOL_CONVERSION = YES;
				CLANG_WARN_COMMA = YES;
				CLANG_WARN_CONSTANT_CONVERSION = YES;
				CLANG_WARN_DEPRECATED_OBJC_IMPLEMENTATIONS = YES;
				CLANG_WARN_DIRECT_OBJC_ISA_USAGE = YES_ERROR;
				CLANG_WARN_DOCUMENTATION_COMMENTS = YES;
				CLANG_WARN_EMPTY_BODY = YES;
				CLANG_WARN_ENUM_CONVERSION = YES;
				CLANG_WARN_INFINITE_RECURSION = YES;
				CLANG_WARN_INT_CONVERSION = YES;
				CLANG_WARN_NON_LITERAL_NULL_CONVERSION = YES;
				CLANG_WARN_OBJC_IMPLICIT_RETAIN_SELF = YES;
				CLANG_WARN_OBJC_LITERAL_CONVERSION = YES;
				CLANG_WARN_OBJC_ROOT_CLASS = YES_ERROR;
				CLANG_WARN_QUOTED_INCLUDE_IN_FRAMEWORK_HEADER = YES;
				CLANG_WARN_RANGE_LOOP_ANALYSIS = YES;
				CLANG_WARN_STRICT_PROTOTYPES = YES;
				CLANG_WARN_SUSPICIOUS_MOVE = YES;
				CLANG_WARN_UNGUARDED_AVAILABILITY = YES_AGGRESSIVE;
				CLANG_WARN_UNREACHABLE_CODE = YES;
				CLANG_WARN__DUPLICATE_METHOD_MATCH = YES;
				COPY_PHASE_STRIP = NO;
				DEBUG_INFORMATION_FORMAT = dwarf;
				ENABLE_STRICT_OBJC_MSGSEND = YES;
				ENABLE_TESTABILITY = YES;
				GCC_C_LANGUAGE_STANDARD = gnu11;
				GCC_DYNAMIC_NO_PIC = NO;
				GCC_NO_COMMON_BLOCKS = YES;
				GCC_OPTIMIZATION_LEVEL = 0;
				GCC_PREPROCESSOR_DEFINITIONS = (
					"DEBUG=1",
					"$(inherited)",
				);
				GCC_WARN_64_TO_32_BIT_CONVERSION = YES;
				GCC_WARN_ABOUT_RETURN_TYPE = YES_ERROR;
				GCC_WARN_UNDECLARED_SELECTOR = YES;
				GCC_WARN_UNINITIALIZED_AUTOS = YES_AGGRESSIVE;
				GCC_WARN_UNUSED_FUNCTION = YES;
				GCC_WARN_UNUSED_VARIABLE = YES;
				IPHONEOS_DEPLOYMENT_TARGET = 14.4;
				MTL_ENABLE_DEBUG_INFO = INCLUDE_SOURCE;
				MTL_FAST_MATH = YES;
				ONLY_ACTIVE_ARCH = YES;
				SDKROOT = iphoneos;
				SWIFT_ACTIVE_COMPILATION_CONDITIONS = DEBUG;
				SWIFT_OPTIMIZATION_LEVEL = "-Onone";
			};
			name = Debug;
		};
		78666CA527824127003C5485 /* Release */ = {
			isa = XCBuildConfiguration;
			buildSettings = {
				ALWAYS_SEARCH_USER_PATHS = NO;
				CLANG_ANALYZER_NONNULL = YES;
				CLANG_ANALYZER_NUMBER_OBJECT_CONVERSION = YES_AGGRESSIVE;
				CLANG_CXX_LANGUAGE_STANDARD = "gnu++14";
				CLANG_CXX_LIBRARY = "libc++";
				CLANG_ENABLE_MODULES = YES;
				CLANG_ENABLE_OBJC_ARC = YES;
				CLANG_ENABLE_OBJC_WEAK = YES;
				CLANG_WARN_BLOCK_CAPTURE_AUTORELEASING = YES;
				CLANG_WARN_BOOL_CONVERSION = YES;
				CLANG_WARN_COMMA = YES;
				CLANG_WARN_CONSTANT_CONVERSION = YES;
				CLANG_WARN_DEPRECATED_OBJC_IMPLEMENTATIONS = YES;
				CLANG_WARN_DIRECT_OBJC_ISA_USAGE = YES_ERROR;
				CLANG_WARN_DOCUMENTATION_COMMENTS = YES;
				CLANG_WARN_EMPTY_BODY = YES;
				CLANG_WARN_ENUM_CONVERSION = YES;
				CLANG_WARN_INFINITE_RECURSION = YES;
				CLANG_WARN_INT_CONVERSION = YES;
				CLANG_WARN_NON_LITERAL_NULL_CONVERSION = YES;
				CLANG_WARN_OBJC_IMPLICIT_RETAIN_SELF = YES;
				CLANG_WARN_OBJC_LITERAL_CONVERSION = YES;
				CLANG_WARN_OBJC_ROOT_CLASS = YES_ERROR;
				CLANG_WARN_QUOTED_INCLUDE_IN_FRAMEWORK_HEADER = YES;
				CLANG_WARN_RANGE_LOOP_ANALYSIS = YES;
				CLANG_WARN_STRICT_PROTOTYPES = YES;
				CLANG_WARN_SUSPICIOUS_MOVE = YES;
				CLANG_WARN_UNGUARDED_AVAILABILITY = YES_AGGRESSIVE;
				CLANG_WARN_UNREACHABLE_CODE = YES;
				CLANG_WARN__DUPLICATE_METHOD_MATCH = YES;
				COPY_PHASE_STRIP = NO;
				DEBUG_INFORMATION_FORMAT = "dwarf-with-dsym";
				ENABLE_NS_ASSERTIONS = NO;
				ENABLE_STRICT_OBJC_MSGSEND = YES;
				GCC_C_LANGUAGE_STANDARD = gnu11;
				GCC_NO_COMMON_BLOCKS = YES;
				GCC_WARN_64_TO_32_BIT_CONVERSION = YES;
				GCC_WARN_ABOUT_RETURN_TYPE = YES_ERROR;
				GCC_WARN_UNDECLARED_SELECTOR = YES;
				GCC_WARN_UNINITIALIZED_AUTOS = YES_AGGRESSIVE;
				GCC_WARN_UNUSED_FUNCTION = YES;
				GCC_WARN_UNUSED_VARIABLE = YES;
				IPHONEOS_DEPLOYMENT_TARGET = 14.4;
				MTL_ENABLE_DEBUG_INFO = NO;
				MTL_FAST_MATH = YES;
				SDKROOT = iphoneos;
				SWIFT_COMPILATION_MODE = wholemodule;
				SWIFT_OPTIMIZATION_LEVEL = "-O";
				VALIDATE_PRODUCT = YES;
			};
			name = Release;
		};
		78666CA727824127003C5485 /* Debug */ = {
			isa = XCBuildConfiguration;
			buildSettings = {
				ASSETCATALOG_COMPILER_APPICON_NAME = AppIcon;
				ASSETCATALOG_COMPILER_GLOBAL_ACCENT_COLOR_NAME = AccentColor;
				CODE_SIGN_STYLE = Automatic;
				DEVELOPMENT_ASSET_PATHS = "\"Landmarks/Preview Content\"";
				ENABLE_PREVIEWS = YES;
				INFOPLIST_FILE = Landmarks/Info.plist;
				IPHONEOS_DEPLOYMENT_TARGET = 14.0;
				LD_RUNPATH_SEARCH_PATHS = (
					"$(inherited)",
					"@executable_path/Frameworks",
				);
				PRODUCT_BUNDLE_IDENTIFIER = Yasser.MacOS.iOS.Landmarks;
				PRODUCT_NAME = "$(TARGET_NAME)";
				SWIFT_VERSION = 5.0;
				TARGETED_DEVICE_FAMILY = "1,2";
			};
			name = Debug;
		};
		78666CA827824127003C5485 /* Release */ = {
			isa = XCBuildConfiguration;
			buildSettings = {
				ASSETCATALOG_COMPILER_APPICON_NAME = AppIcon;
				ASSETCATALOG_COMPILER_GLOBAL_ACCENT_COLOR_NAME = AccentColor;
				CODE_SIGN_STYLE = Automatic;
				DEVELOPMENT_ASSET_PATHS = "\"Landmarks/Preview Content\"";
				ENABLE_PREVIEWS = YES;
				INFOPLIST_FILE = Landmarks/Info.plist;
				IPHONEOS_DEPLOYMENT_TARGET = 14.0;
				LD_RUNPATH_SEARCH_PATHS = (
					"$(inherited)",
					"@executable_path/Frameworks",
				);
				PRODUCT_BUNDLE_IDENTIFIER = Yasser.MacOS.iOS.Landmarks;
				PRODUCT_NAME = "$(TARGET_NAME)";
				SWIFT_VERSION = 5.0;
				TARGETED_DEVICE_FAMILY = "1,2";
			};
			name = Release;
		};
/* End XCBuildConfiguration section */

/* Begin XCConfigurationList section */
		78666C9227824123003C5485 /* Build configuration list for PBXProject "Landmarks" */ = {
			isa = XCConfigurationList;
			buildConfigurations = (
				78666CA427824127003C5485 /* Debug */,
				78666CA527824127003C5485 /* Release */,
			);
			defaultConfigurationIsVisible = 0;
			defaultConfigurationName = Release;
		};
		78666CA627824127003C5485 /* Build configuration list for PBXNativeTarget "Landmarks" */ = {
			isa = XCConfigurationList;
			buildConfigurations = (
				78666CA727824127003C5485 /* Debug */,
				78666CA827824127003C5485 /* Release */,
			);
			defaultConfigurationIsVisible = 0;
			defaultConfigurationName = Release;
		};
/* End XCConfigurationList section */
	};
	rootObject = 78666C8F27824123003C5485 /* Project object */;
}
